# This file is automatically @generated by Cargo.
# It is not intended for manual editing.
version = 4

[[package]]
name = "zinq"
version = "0.0.1"
dependencies = [
 "zinq-error",
 "zinq-parse",
 "zinq-token",
]

[[package]]
name = "zinq-ast"
version = "0.0.1"
dependencies = [
 "zinq-error",
 "zinq-token",
]

[[package]]
name = "zinq-error"
version = "0.0.1"

[[package]]
name = "zinq-parse"
version = "0.0.1"
dependencies = [
 "zinq-error",
]

[[package]]
name = "zinq-reflect"
version = "0.0.1"

[[package]]
name = "zinq-token"
version = "0.0.1"
dependencies = [
 "zinq-error",
 "zinq-parse",
]
